
Microsoft Visual Studio Solution File, Format Version 12.00
# Visual Studio Version 17
VisualStudioVersion = 17.6.33801.468
MinimumVisualStudioVersion = 10.0.40219.1
Project("{FAE04EC0-301F-11D3-BF4B-00C04F79EFBC}") = "CatalogoApp", "CatalogoApp\CatalogoApp.csproj", "{478F83F8-C404-4E01-9330-EB08FBF498D9}"
EndProject
Project("{FAE04EC0-301F-11D3-BF4B-00C04F79EFBC}") = "dominio", "dominio\dominio.csproj", "{0916DD0B-2B7A-4FE6-A89D-F2B06B09710E}"
EndProject
Project("{FAE04EC0-301F-11D3-BF4B-00C04F79EFBC}") = "negocio", "negocio\negocio.csproj", "{81B0AC11-EEA4-4237-800B-A7B5C245699D}"
EndProject
Project("{FAE04EC0-301F-11D3-BF4B-00C04F79EFBC}") = "datos", "datos\datos.csproj", "{0F34D062-AF26-4BBC-8BC8-4A30EF4765A8}"
EndProject
Global
	GlobalSection(SolutionConfigurationPlatforms) = preSolution
		Debug|Any CPU = Debug|Any CPU
		Release|Any CPU = Release|Any CPU
	EndGlobalSection
	GlobalSection(ProjectConfigurationPlatforms) = postSolution
		{478F83F8-C404-4E01-9330-EB08FBF498D9}.Debug|Any CPU.ActiveCfg = Debug|Any CPU
		{478F83F8-C404-4E01-9330-EB08FBF498D9}.Debug|Any CPU.Build.0 = Debug|Any CPU
		{478F83F8-C404-4E01-9330-EB08FBF498D9}.Release|Any CPU.ActiveCfg = Release|Any CPU
		{478F83F8-C404-4E01-9330-EB08FBF498D9}.Release|Any CPU.Build.0 = Release|Any CPU
		{0916DD0B-2B7A-4FE6-A89D-F2B06B09710E}.Debug|Any CPU.ActiveCfg = Debug|Any CPU
		{0916DD0B-2B7A-4FE6-A89D-F2B06B09710E}.Debug|Any CPU.Build.0 = Debug|Any CPU
		{0916DD0B-2B7A-4FE6-A89D-F2B06B09710E}.Release|Any CPU.ActiveCfg = Release|Any CPU
		{0916DD0B-2B7A-4FE6-A89D-F2B06B09710E}.Release|Any CPU.Build.0 = Release|Any CPU
		{81B0AC11-EEA4-4237-800B-A7B5C245699D}.Debug|Any CPU.ActiveCfg = Debug|Any CPU
		{81B0AC11-EEA4-4237-800B-A7B5C245699D}.Debug|Any CPU.Build.0 = Debug|Any CPU
		{81B0AC11-EEA4-4237-800B-A7B5C245699D}.Release|Any CPU.ActiveCfg = Release|Any CPU
		{81B0AC11-EEA4-4237-800B-A7B5C245699D}.Release|Any CPU.Build.0 = Release|Any CPU
		{0F34D062-AF26-4BBC-8BC8-4A30EF4765A8}.Debug|Any CPU.ActiveCfg = Debug|Any CPU
		{0F34D062-AF26-4BBC-8BC8-4A30EF4765A8}.Debug|Any CPU.Build.0 = Debug|Any CPU
		{0F34D062-AF26-4BBC-8BC8-4A30EF4765A8}.Release|Any CPU.ActiveCfg = Release|Any CPU
		{0F34D062-AF26-4BBC-8BC8-4A30EF4765A8}.Release|Any CPU.Build.0 = Release|Any CPU
	EndGlobalSection
	GlobalSection(SolutionProperties) = preSolution
		HideSolutionNode = FALSE
	EndGlobalSection
	GlobalSection(ExtensibilityGlobals) = postSolution
		SolutionGuid = {FF90EF01-EB2E-46C6-9879-342499F44B66}
	EndGlobalSection
EndGlobal
